{
  "name": "key-workshop",
  "version": "1.0.0",
  "lockfileVersion": 3,
  "requires": true,
  "packages": {
    "": {
      "name": "key-workshop",
      "version": "1.0.0",
      "license": "ISC",
      "dependencies": {
        "highlightjs-solidity": "^2.0.6",
        "katex": "^0.16.11",
        "reveal.js": "^5.1.0"
      }
    },
    "node_modules/commander": {
      "version": "8.3.0",
      "resolved": "https://registry.npmjs.org/commander/-/commander-8.3.0.tgz",
      "integrity": "sha512-OkTL9umf+He2DZkUq8f8J9of7yL6RJKI24dVITBmNfZBmri9zYZQrKkuXiKhyfPSu8tUhnVBB1iKXevvnlR4Ww==",
      "engines": {
        "node": ">= 12"
      }
    },
    "node_modules/highlightjs-solidity": {
      "version": "2.0.6",
      "resolved": "https://registry.npmjs.org/highlightjs-solidity/-/highlightjs-solidity-2.0.6.tgz",
      "integrity": "sha512-DySXWfQghjm2l6a/flF+cteroJqD4gI8GSdL4PtvxZSsAHie8m3yVe2JFoRg03ROKT6hp2Lc/BxXkqerNmtQYg==",
      "license": "MIT"
    },
    "node_modules/katex": {
      "version": "0.16.11",
      "resolved": "https://registry.npmjs.org/katex/-/katex-0.16.11.tgz",
      "integrity": "sha512-RQrI8rlHY92OLf3rho/Ts8i/XvjgguEjOkO1BEXcU3N8BqPpSzBNwV/G0Ukr+P/l3ivvJUE/Fa/CwbS6HesGNQ==",
      "funding": [
        "https://opencollective.com/katex",
        "https://github.com/sponsors/katex"
      ],
      "dependencies": {
        "commander": "^8.3.0"
      },
      "bin": {
        "katex": "cli.js"
      }
    },
    "node_modules/reveal.js": {
      "version": "5.1.0",
      "resolved": "https://registry.npmjs.org/reveal.js/-/reveal.js-5.1.0.tgz",
      "integrity": "sha512-KDt7m0+xwKV6nAZt4CNPVFBf42sTKRQapg0bGGKB5PKO5XvChnMfwlZkybydHiQJ7p5+6LbHKRGrhXODdoNIaA==",
      "license": "MIT",
      "engines": {
        "node": ">=18.0.0"
      }
    }
  }
}
